
Microsoft Visual Studio Solution File, Format Version 12.00
# Visual Studio 14
VisualStudioVersion = 14.0.24720.0
MinimumVisualStudioVersion = 10.0.40219.1
Project("{FAE04EC0-301F-11D3-BF4B-00C04F79EFBC}") = "PrimeFactors", "PrimeFactors\PrimeFactors.csproj", "{3B8D869B-D89D-4EF1-B44D-618D5DC3D1FF}"
EndProject
Global
	GlobalSection(SolutionConfigurationPlatforms) = preSolution
		Debug|Any CPU = Debug|Any CPU
		Release|Any CPU = Release|Any CPU
	EndGlobalSection
	GlobalSection(ProjectConfigurationPlatforms) = postSolution
		{3B8D869B-D89D-4EF1-B44D-618D5DC3D1FF}.Debug|Any CPU.ActiveCfg = Debug|Any CPU
		{3B8D869B-D89D-4EF1-B44D-618D5DC3D1FF}.Debug|Any CPU.Build.0 = Debug|Any CPU
		{3B8D869B-D89D-4EF1-B44D-618D5DC3D1FF}.Release|Any CPU.ActiveCfg = Release|Any CPU
		{3B8D869B-D89D-4EF1-B44D-618D5DC3D1FF}.Release|Any CPU.Build.0 = Release|Any CPU
	EndGlobalSection
	GlobalSection(SolutionProperties) = preSolution
		HideSolutionNode = FALSE
	EndGlobalSection
EndGlobal
